# This file is automatically @generated by Cargo.
# It is not intended for manual editing.
version = 3

[[package]]
name = "aoc-2022"
version = "0.1.0"
dependencies = [
 "take-until",
]

[[package]]
name = "take-until"
version = "0.1.0"
source = "registry+https://github.com/rust-lang/crates.io-index"
checksum = "b4e17d8598067a8c134af59cd33c1c263470e089924a11ab61cf61690919fe3b"
